[[package]]
category = "main"
description = "Use Database URLs in your Django Application."
name = "dj-database-url"
optional = false
python-versions = "*"
version = "0.5.0"

[[package]]
category = "main"
description = "A high-level Python Web framework that encourages rapid development and clean, pragmatic design."
name = "django"
optional = false
python-versions = ">=3.5"
version = "2.1.3"

[package.dependencies]
pytz = "*"

[[package]]
category = "main"
description = "This is a Django library for Heroku apps."
name = "django-heroku"
optional = false
python-versions = "*"
version = "0.3.1"

[package.dependencies]
dj-database-url = ">=0.5.0"
django = "*"
psycopg2 = "*"
whitenoise = "*"

[[package]]
category = "main"
description = "Web APIs for Django, made easy."
name = "djangorestframework"
optional = false
python-versions = ">=2.7, !=3.0.*, !=3.1.*, !=3.2.*, !=3.3.*"
version = "3.9.0"

[[package]]
category = "main"
description = "WSGI HTTP Server for UNIX"
name = "gunicorn"
optional = false
python-versions = ">=2.6, !=3.0.*, !=3.1.*"
version = "19.9.0"

[[package]]
category = "dev"
description = "An autocompletion tool for Python that can be used for text editors."
name = "jedi"
optional = false
python-versions = ">=2.7, !=3.0.*, !=3.1.*, !=3.2.*, !=3.3.*"
version = "0.13.1"

[package.dependencies]
parso = ">=0.3.0"

[[package]]
category = "dev"
description = "A Python Parser"
name = "parso"
optional = false
python-versions = "*"
version = "0.3.1"

[[package]]
category = "main"
description = "Python Imaging Library (Fork)"
name = "pillow"
optional = false
python-versions = ">=2.7, !=3.0.*, !=3.1.*, !=3.2.*, !=3.3.*, !=3.4.*"
version = "6.2.0"

[[package]]
category = "main"
description = "psycopg2 - Python-PostgreSQL Database Adapter"
name = "psycopg2"
optional = false
python-versions = "*"
version = "2.7.6"

[[package]]
category = "main"
description = "psycopg2 - Python-PostgreSQL Database Adapter"
name = "psycopg2-binary"
optional = false
python-versions = "*"
version = "2.7.6"

[[package]]
category = "dev"
description = "passive checker of Python programs"
name = "pyflakes"
optional = false
python-versions = ">=2.7, !=3.0.*, !=3.1.*, !=3.2.*, !=3.3.*"
version = "2.0.0"

[[package]]
category = "main"
description = "World timezone definitions, modern and historical"
name = "pytz"
optional = false
python-versions = "*"
version = "2018.7"

[[package]]
category = "main"
description = "Radically simplified static file serving for WSGI applications"
name = "whitenoise"
optional = false
python-versions = "*"
version = "4.1"

[metadata]
content-hash = "578941def8537b14dc40d969c1f26ea3374407ca105e63072d0b6e60114b6fe3"
python-versions = "^3.6"

[metadata.hashes]
dj-database-url = ["4aeaeb1f573c74835b0686a2b46b85990571159ffc21aa57ecd4d1e1cb334163", "851785365761ebe4994a921b433062309eb882fedd318e1b0fcecc607ed02da9"]
django = ["1ffab268ada3d5684c05ba7ce776eaeedef360712358d6a6b340ae9f16486916", "dd46d87af4c1bf54f4c926c3cfa41dc2b5c15782f15e4329752ce65f5dad1c37"]
django-heroku = ["2bc690aab89eedbe01311752320a9a12e7548e3b0ed102681acc5736a41a4762", "6af4bc3ae4a9b55eaad6dbe5164918982d2762661aebc9f83d9fa49f6009514e"]
djangorestframework = ["607865b0bb1598b153793892101d881466bd5a991de12bd6229abb18b1c86136", "63f76cbe1e7d12b94c357d7e54401103b2e52aef0f7c1650d6c820ad708776e5"]
gunicorn = ["aa8e0b40b4157b36a5df5e599f45c9c76d6af43845ba3b3b0efe2c70473c2471", "fa2662097c66f920f53f70621c6c58ca4a3c4d3434205e608e121b5b3b71f4f3"]
jedi = ["0191c447165f798e6a730285f2eee783fff81b0d3df261945ecb80983b5c3ca7", "b7493f73a2febe0dc33d51c99b474547f7f6c0b2c8fb2b21f453eef204c12148"]
parso = ["35704a43a3c113cce4de228ddb39aab374b8004f4f2407d070b6a2ca784ce8a2", "895c63e93b94ac1e1690f5fdd40b65f07c8171e3e53cbd7793b5b96c0e0a7f24"]
pillow = ["00fdeb23820f30e43bba78eb9abb00b7a937a655de7760b2e09101d63708b64e", "01f948e8220c85eae1aa1a7f8edddcec193918f933fb07aaebe0bfbbcffefbf1", "08abf39948d4b5017a137be58f1a52b7101700431f0777bec3d897c3949f74e6", "099a61618b145ecb50c6f279666bbc398e189b8bc97544ae32b8fcb49ad6b830", "2c1c61546e73de62747e65807d2cc4980c395d4c5600ecb1f47a650c6fa78c79", "2ed9c4f694861642401f27dc3cb99772be67cd190e84845c749dae0a06c3bfae", "338581b30b908e111be578f0297255f6b57a51358cd16fa0e6f664c9a1f88bff", "38c7d48a21cd06fdeee93987147b9b1c55b73b4cfcbf83240568bfbd5adee447", "43fd026f613c8e48a25eba1a92f4d2ad7f3903c95d8c33a11611a7717d2ab654", "4548236844327a718ce3bb182ab32a16fa2050c61e334e959f554cac052fb0df", "5090857876c58885cfa388dc649e5db30aae98a068c26f3fd0ac9d7d9a4d9572", "5bbba34f97a26a93f5e8dec469ca4ddd712451418add43da946dbaed7f7a98d2", "65a28969a025a0eb4594637b6103201dc4ed2a9508bdab56ac33e43e3081c404", "892bb52b70bd5ea9dbbc3ac44f38e84f5a04e9d8b1bff48159d96cb795b81159", "8a9becd5cbd5062f973bcd2e7bc79483af310222de112b6541f8af1f93a3cc42", "972a7aaeb7c4a2795b52eef52ee991ef040b31009f36deca6207a986607b55f3", "97b119c436bfa96a92ac2ca525f7025836d4d4e64b1c9f9eff8dbaf3ff1d86f3", "9ba37698e242223f8053cc158f130aee046a96feacbeab65893dbe94f5530118", "b1b0e1f626a0f079c0d3696db70132fb1f29aa87c66aecb6501a9b8be64ce9f7", "c14c1224fd1a5be2733530d648a316974dbbb3c946913562c6005a76f21ca042", "c79a8546c48ae6465189e54e3245a97ddf21161e33ff7eaa42787353417bb2b6", "ceb76935ac4ebdf6d7bc845482a4450b284c6ccfb281e34da51d510658ab34d8", "e22bffaad04b4d16e1c091baed7f2733fc1ebb91e0c602abf1b6834d17158b1f", "ec883b8e44d877bda6f94a36313a1c6063f8b1997aa091628ae2f34c7f97c8d5", "f1baa54d50ec031d1a9beb89974108f8f2c0706f49798f4777df879df0e1adb6", "f53a5385932cda1e2c862d89460992911a89768c65d176ff8c50cddca4d29bed"]
psycopg2 = ["03e22041bee0611408e6aad49f1bcf4406faeacffdbdc63a0f82cb7bdc5c8326", "064404626947717dd342d5ed7a10affe64154a9a637cb22d502d84fcb39b40a2", "07749db03fa21de99329750675dfd81b9eeed99139a6753485092d84f8371aee", "165da83922b6fc3b027db2aba8bb444bee49af32f95b062e1523c76f605294e9", "255a77a914b7d080359238a99371f23dd77489901cfec718448fa605f5b8dbe8", "27c88e8fcbea1dc3777c676a21b3e6878da2b00624cb62b7f16e85fc27ce4ce5", "28d6f1f400f8d1a4a191116943030e7558c6f51d34b9a4d06581e5d84d0eb75b", "3138f11fccd6e1dc5b357af0d4f5016ed47d5f0ec81a4fb0f82ad8ddd460e903", "49b96b8ef11e0f2016189ba208b5c63495c9b6ac89697eb3db97f40673d8ec65", "4a0d29c44316e57cea3368ca1fd9dbfd82b3973aec77dcb610e487c5632418bc", "4a658550b0bcb259e97f77f2dc93ed6b108fe2eda963a9e6fc8b48040d542ec2", "520cf9576c6b8b45117b6367a155c27668f22860bcc34cbc77e0e52f51ded7c2", "5bc0dc64fb26892b42653dea934f7c0b70361325647e7775528e40813b2c5f4e", "65c123366e35e9068b9c39b6aac27e198d84c9a41bb17fa1ae8d042e0b50f04d", "6c7e4cbc75aac67c32a6e778e215a30b8318371cdc59d7d10550296f11190fcb", "784475327650967505cf92977f51c73b5e908c3e0f79e08a892fdbc10718baf8", "7995bd16a61b31e922bfe3b18be24dfb63c81ec197a46c2504c45e3c5187c6e6", "83890c9ea4e9ae032e298e2ba269660544fc73561431985d38268b3664ad4ef7", "9501dc8412eb8b2881149d8af74a347f4d6ce85d03513be27fd56c3c066bd9dc", "9eea6c03534aebb157a8ced5df70ba0f277d3b936d708c1654d7236e5e20edda", "a32acdd8675e105676f5cf7b0706e2a404ddb6a2f2b8aada7646ed2df981fef6", "bf4090882bb0bfad11033b2c262c47a9ba1cdb145981d94b873a46df69b53cb4", "ca0cf5a443e4d0bb381d5a523fd4f155cb7414ac4c450e7b901cb04e5f59d5ed", "ce503de4a77870dce37365d3fc224c41409f2bf1ee576159430835af4fde1d86", "db48d28badfdd7ea62d71e8420749e66461732fa574063b4f1a1162c3d015049", "db97bc920901745d665ccdcb4c672bf209ad13db5d19d5a1f6110b3785f1bebf", "ed15e97b8fb6ffc791fe12c8050a0c8d84bdf48d436b8c462db3aa1766b236de", "fc73255af56a4bf6151cd516ebd6ac1eabb922c5e44d5b8859c0ca696ba88da7", "fe3471a0bd29595e59a4422ee332bf09ca7e15b1e6800f1b640d1c09c03ef19c", "ff158aed5220b54461019b636a56a85b2af32670804a27f7298dae4bd715902f"]
psycopg2-binary = ["0d3ca99a80d6018d3ee9723c4d7e5cbe04d20032cdb49469e7db5c8945951ac8", "0f8a48ad5957bf420c3cc891417f1a41d363f33c00248d6c320d3910a2f7ab07", "3187730658f8be85c0e761b49e7a3763507ebadd2c68be78a0153ef43a261c2d", "35ecda69ea4ceb84e59dff47a6755b07069e45e1b18e50bccdd258da0bd42350", "4bac49711e8b6b023600571259b0792795d00518a0f32df68ca2c4f8d7cda8ea", "5f693cb5aa2ac94a62de3e45b2b0cba76c975daadeb4eaa26c64d302fcb7ca6c", "6804e5d1cdba2e84dce38353e827ae3b2262f2c2f784675e18802ee6252cc289", "6edd27d913be09c11a9894d54a67b7f1d7a4c130d06a8e76b0a8c22ffce74575", "7b82f6eb19ba0cdc0690191a33ba626c79b30d95d781d20fa63ea10197de1a61", "7ba143cce3fba6c2b115dc2aa88a6965d5208df3293a0c1d81f5234a1d88b728", "80bf63fa9493c82d72788376c7342a27b8c4f07971be405cbb886c6b025bebc8", "84389e0e8f4cf11fed55815a1eb7e4dc89513efedaf2a11e21ef1486a941b535", "855d0357b162fe6053649eb20f05c3ebeaeb19bf2772d878d518f9928ec8e3b2", "87a7988c1b741dd41a935aafc5927aa2ccd5672745f1f17994783c76b7912dd9", "8a724c63cf0e2089756c88e1257fe7f6261bf38711375cd1b1a9dbd68cbe2384", "8b1560aab51efe0ffb27eeafb7f1be3f138f8c7601198659de56ac36ae189f84", "8c77926ba1e4015a3d6c30d788e116ea70fa773227957afde8bd8a61a58e13f1", "9b1082f581660adf90b902b99e526cfd970ae9cd988d0ff3322300f60838fee4", "9c14cf1b3945d86dcf0d8b404d1327185a03511caa1d3225eeb344b74a85b138", "9f49ca00e49dac93663927c4c8c2758b97463bab65ceb932157cc4c114d39d21", "a511dfeb956f44ceacd5e9e23cf325da240c347a406b31dd536aefa120d0fefb", "a574db4c96e38ddb8a40f1dbf3c906949e9923420a480810d22b7b78f61e0596", "a84f39e0efe7dcc8d2a34be976c2c5508bace6d703979730bb9021f6cce5dd0e", "ac6b117abb4bd257d5f6b25cca060e74f3e2e038faa5c05d201335aa4657935d", "b4fb3e647aca98c00eaf9f15de89a9287ebbcd873a8e3e3dcee6df91766a2734", "bad2695ada7727f976c2aa3ad5a9ea68c486076deb8378e004b789e48f8d175b", "bc5fa1a9b29c0f2ab2f706c5079b44f35002530ae39b609b6fcb80e5a70178e3", "e34e85a2868a5853f3f66ef1b04700e3e2ca92f0af09dc4060e57e8a295b2871", "e42e969cb4292a550b54f5436b6f52cc35fd5b6209859710c42892368308a544", "fedc1f64714a32c01503f39ac3da2ed21dbceaa534107b3c9c617be63971d7b6"]
pyflakes = ["9a7662ec724d0120012f6e29d6248ae3727d821bba522a0e6b356eff19126a49", "f661252913bc1dbe7fcfcbf0af0db3f42ab65aabd1a6ca68fe5d466bace94dae"]
pytz = ["31cb35c89bd7d333cd32c5f278fca91b523b0834369e757f4c5641ea252236ca", "8e0f8568c118d3077b46be7d654cc8167fa916092e28320cde048e54bfc9f1e6"]
whitenoise = ["133a92ff0ab8fb9509f77d4f7d0de493eca19c6fea973f4195d4184f888f2e02", "32b57d193478908a48acb66bf73e7a3c18679263e3e64bfebcfac1144a430039"]
