[[package]]
category = "main"
description = "A high-level Python Web framework that encourages rapid development and clean, pragmatic design."
name = "django"
optional = false
python-versions = ">=3.5"
version = "2.1.3"

[package.dependencies]
pytz = "*"

[[package]]
category = "main"
description = "Web APIs for Django, made easy."
name = "djangorestframework"
optional = false
python-versions = ">=2.7, !=3.0.*, !=3.1.*, !=3.2.*, !=3.3.*"
version = "3.9.0"

[[package]]
category = "dev"
description = "An autocompletion tool for Python that can be used for text editors."
name = "jedi"
optional = false
python-versions = ">=2.7, !=3.0.*, !=3.1.*, !=3.2.*, !=3.3.*"
version = "0.13.1"

[package.dependencies]
parso = ">=0.3.0"

[[package]]
category = "dev"
description = "A Python Parser"
name = "parso"
optional = false
python-versions = "*"
version = "0.3.1"

[[package]]
category = "dev"
description = "passive checker of Python programs"
name = "pyflakes"
optional = false
python-versions = ">=2.7, !=3.0.*, !=3.1.*, !=3.2.*, !=3.3.*"
version = "2.0.0"

[[package]]
category = "main"
description = "World timezone definitions, modern and historical"
name = "pytz"
optional = false
python-versions = "*"
version = "2018.7"

[metadata]
content-hash = "ffba3d7fe1c9f3abf9f251406c87999d289708e90dc50a56d3451a4184ffba1d"
python-versions = "^3.6"

[metadata.hashes]
django = ["1ffab268ada3d5684c05ba7ce776eaeedef360712358d6a6b340ae9f16486916", "dd46d87af4c1bf54f4c926c3cfa41dc2b5c15782f15e4329752ce65f5dad1c37"]
djangorestframework = ["607865b0bb1598b153793892101d881466bd5a991de12bd6229abb18b1c86136", "63f76cbe1e7d12b94c357d7e54401103b2e52aef0f7c1650d6c820ad708776e5"]
jedi = ["0191c447165f798e6a730285f2eee783fff81b0d3df261945ecb80983b5c3ca7", "b7493f73a2febe0dc33d51c99b474547f7f6c0b2c8fb2b21f453eef204c12148"]
parso = ["35704a43a3c113cce4de228ddb39aab374b8004f4f2407d070b6a2ca784ce8a2", "895c63e93b94ac1e1690f5fdd40b65f07c8171e3e53cbd7793b5b96c0e0a7f24"]
pyflakes = ["9a7662ec724d0120012f6e29d6248ae3727d821bba522a0e6b356eff19126a49", "f661252913bc1dbe7fcfcbf0af0db3f42ab65aabd1a6ca68fe5d466bace94dae"]
pytz = ["31cb35c89bd7d333cd32c5f278fca91b523b0834369e757f4c5641ea252236ca", "8e0f8568c118d3077b46be7d654cc8167fa916092e28320cde048e54bfc9f1e6"]
